
Microsoft Visual Studio Solution File, Format Version 12.00
# Visual Studio 15
VisualStudioVersion = 15.0.27130.2003
MinimumVisualStudioVersion = 10.0.40219.1
Project("{FAE04EC0-301F-11D3-BF4B-00C04F79EFBC}") = "HKCost.Tests", "HKCost.Tests\HKCost.Tests.csproj", "{2F649EE5-BE54-45EC-8117-868BDC585148}"
EndProject
Project("{FAE04EC0-301F-11D3-BF4B-00C04F79EFBC}") = "Domain", "Domain\Domain.csproj", "{5645F615-3D6E-4F63-93A4-88D8C4A17BD6}"
EndProject
Project("{FAE04EC0-301F-11D3-BF4B-00C04F79EFBC}") = "Service", "Service\Service.csproj", "{A05C6236-632B-4CE1-B6BE-D3A2718F1A0B}"
EndProject
Project("{FAE04EC0-301F-11D3-BF4B-00C04F79EFBC}") = "Tools", "Tools\Tools.csproj", "{A41054E9-12D7-4776-BFE7-879BEBFDD5DB}"
EndProject
Project("{2150E333-8FDC-42A3-9474-1A3956D46DE8}") = "BusinessLogic", "BusinessLogic", "{AC72CAE9-FCAF-4CEC-A671-BF2A677C6C3B}"
EndProject
Project("{2150E333-8FDC-42A3-9474-1A3956D46DE8}") = "UI", "UI", "{9A158DAF-B13A-4D89-8D23-D15BBBDFAAF2}"
EndProject
Project("{2150E333-8FDC-42A3-9474-1A3956D46DE8}") = "Cache", "Cache", "{E093D6E3-1B82-4502-A08F-471B6AA73588}"
EndProject
Project("{FAE04EC0-301F-11D3-BF4B-00C04F79EFBC}") = "CacheLayer", "CacheLayer\CacheLayer.csproj", "{5B0817D5-767E-41FA-A754-42335B20CA99}"
EndProject
Project("{2150E333-8FDC-42A3-9474-1A3956D46DE8}") = "UnitTest", "UnitTest", "{50637B63-6294-4BF0-AE52-CF7C08C2914A}"
EndProject
Project("{2150E333-8FDC-42A3-9474-1A3956D46DE8}") = "Server", "Server", "{7ADC13F2-3191-4537-9E55-066CEBE7DDEC}"
EndProject
Project("{FAE04EC0-301F-11D3-BF4B-00C04F79EFBC}") = "HKCost", "HKCost\HKCost.csproj", "{CECC587C-5628-4A47-85FB-B529F90CFFDE}"
EndProject
Project("{FAE04EC0-301F-11D3-BF4B-00C04F79EFBC}") = "WebFrame", "WebFrame\WebFrame.csproj", "{421B4AC7-A3E8-42C7-AC04-E7BC6C5D2602}"
EndProject
Global
	GlobalSection(SolutionConfigurationPlatforms) = preSolution
		Debug|Any CPU = Debug|Any CPU
		Release|Any CPU = Release|Any CPU
	EndGlobalSection
	GlobalSection(ProjectConfigurationPlatforms) = postSolution
		{2F649EE5-BE54-45EC-8117-868BDC585148}.Debug|Any CPU.ActiveCfg = Debug|Any CPU
		{2F649EE5-BE54-45EC-8117-868BDC585148}.Debug|Any CPU.Build.0 = Debug|Any CPU
		{2F649EE5-BE54-45EC-8117-868BDC585148}.Release|Any CPU.ActiveCfg = Release|Any CPU
		{2F649EE5-BE54-45EC-8117-868BDC585148}.Release|Any CPU.Build.0 = Release|Any CPU
		{5645F615-3D6E-4F63-93A4-88D8C4A17BD6}.Debug|Any CPU.ActiveCfg = Debug|Any CPU
		{5645F615-3D6E-4F63-93A4-88D8C4A17BD6}.Debug|Any CPU.Build.0 = Debug|Any CPU
		{5645F615-3D6E-4F63-93A4-88D8C4A17BD6}.Release|Any CPU.ActiveCfg = Release|Any CPU
		{5645F615-3D6E-4F63-93A4-88D8C4A17BD6}.Release|Any CPU.Build.0 = Release|Any CPU
		{A05C6236-632B-4CE1-B6BE-D3A2718F1A0B}.Debug|Any CPU.ActiveCfg = Debug|Any CPU
		{A05C6236-632B-4CE1-B6BE-D3A2718F1A0B}.Debug|Any CPU.Build.0 = Debug|Any CPU
		{A05C6236-632B-4CE1-B6BE-D3A2718F1A0B}.Release|Any CPU.ActiveCfg = Release|Any CPU
		{A05C6236-632B-4CE1-B6BE-D3A2718F1A0B}.Release|Any CPU.Build.0 = Release|Any CPU
		{A41054E9-12D7-4776-BFE7-879BEBFDD5DB}.Debug|Any CPU.ActiveCfg = Debug|Any CPU
		{A41054E9-12D7-4776-BFE7-879BEBFDD5DB}.Debug|Any CPU.Build.0 = Debug|Any CPU
		{A41054E9-12D7-4776-BFE7-879BEBFDD5DB}.Release|Any CPU.ActiveCfg = Release|Any CPU
		{A41054E9-12D7-4776-BFE7-879BEBFDD5DB}.Release|Any CPU.Build.0 = Release|Any CPU
		{5B0817D5-767E-41FA-A754-42335B20CA99}.Debug|Any CPU.ActiveCfg = Debug|Any CPU
		{5B0817D5-767E-41FA-A754-42335B20CA99}.Debug|Any CPU.Build.0 = Debug|Any CPU
		{5B0817D5-767E-41FA-A754-42335B20CA99}.Release|Any CPU.ActiveCfg = Release|Any CPU
		{5B0817D5-767E-41FA-A754-42335B20CA99}.Release|Any CPU.Build.0 = Release|Any CPU
		{CECC587C-5628-4A47-85FB-B529F90CFFDE}.Debug|Any CPU.ActiveCfg = Debug|Any CPU
		{CECC587C-5628-4A47-85FB-B529F90CFFDE}.Debug|Any CPU.Build.0 = Debug|Any CPU
		{CECC587C-5628-4A47-85FB-B529F90CFFDE}.Release|Any CPU.ActiveCfg = Release|Any CPU
		{CECC587C-5628-4A47-85FB-B529F90CFFDE}.Release|Any CPU.Build.0 = Release|Any CPU
		{421B4AC7-A3E8-42C7-AC04-E7BC6C5D2602}.Debug|Any CPU.ActiveCfg = Debug|Any CPU
		{421B4AC7-A3E8-42C7-AC04-E7BC6C5D2602}.Debug|Any CPU.Build.0 = Debug|Any CPU
		{421B4AC7-A3E8-42C7-AC04-E7BC6C5D2602}.Release|Any CPU.ActiveCfg = Release|Any CPU
		{421B4AC7-A3E8-42C7-AC04-E7BC6C5D2602}.Release|Any CPU.Build.0 = Release|Any CPU
	EndGlobalSection
	GlobalSection(SolutionProperties) = preSolution
		HideSolutionNode = FALSE
	EndGlobalSection
	GlobalSection(NestedProjects) = preSolution
		{2F649EE5-BE54-45EC-8117-868BDC585148} = {50637B63-6294-4BF0-AE52-CF7C08C2914A}
		{5645F615-3D6E-4F63-93A4-88D8C4A17BD6} = {AC72CAE9-FCAF-4CEC-A671-BF2A677C6C3B}
		{A05C6236-632B-4CE1-B6BE-D3A2718F1A0B} = {AC72CAE9-FCAF-4CEC-A671-BF2A677C6C3B}
		{A41054E9-12D7-4776-BFE7-879BEBFDD5DB} = {AC72CAE9-FCAF-4CEC-A671-BF2A677C6C3B}
		{5B0817D5-767E-41FA-A754-42335B20CA99} = {E093D6E3-1B82-4502-A08F-471B6AA73588}
		{CECC587C-5628-4A47-85FB-B529F90CFFDE} = {9A158DAF-B13A-4D89-8D23-D15BBBDFAAF2}
		{421B4AC7-A3E8-42C7-AC04-E7BC6C5D2602} = {9A158DAF-B13A-4D89-8D23-D15BBBDFAAF2}
	EndGlobalSection
	GlobalSection(ExtensibilityGlobals) = postSolution
		SolutionGuid = {08486880-F252-4F40-BCFD-FAE29E24C333}
	EndGlobalSection
EndGlobal
